{
  "name": "demo_content",
  "version": "1.0.0",
  "lockfileVersion": 1,
  "requires": true,
  "dependencies": {
    "date-and-time": {
      "version": "0.14.2",
      "resolved": "https://registry.npmjs.org/date-and-time/-/date-and-time-0.14.2.tgz",
      "integrity": "sha512-EFTCh9zRSEpGPmJaexg7HTuzZHh6cnJj1ui7IGCFNXzd2QdpsNh05Db5TF3xzJm30YN+A8/6xHSuRcQqoc3kFA=="
    },
    "systeminformation": {
      "version": "4.15.3",
      "resolved": "https://registry.npmjs.org/systeminformation/-/systeminformation-4.15.3.tgz",
      "integrity": "sha512-Fx2ARGHtLl2/xLeNoTR8/doXSxUXuAzIN+dyCK9O43j/UETLBt77yTEbTxmYsVD47PYjX1iQTdcY41CZckY+zg=="
    }
  }
}
